
Microsoft Visual Studio Solution File, Format Version 12.00
# Visual Studio Version 16
VisualStudioVersion = 16.0.33214.272
MinimumVisualStudioVersion = 10.0.40219.1
Project("{8BC9CEB8-8B4A-11D0-8D11-00A0C91BC942}") = "ProyectoJuegoUnison", "ProyectoJuegoUnison\ProyectoJuegoUnison.vcxproj", "{294B20EB-240B-4959-8376-0BBF0F7B16B6}"
EndProject
Global
	GlobalSection(SolutionConfigurationPlatforms) = preSolution
		Debug|x64 = Debug|x64
		Debug|x86 = Debug|x86
		Release|x64 = Release|x64
		Release|x86 = Release|x86
	EndGlobalSection
	GlobalSection(ProjectConfigurationPlatforms) = postSolution
		{294B20EB-240B-4959-8376-0BBF0F7B16B6}.Debug|x64.ActiveCfg = Debug|x64
		{294B20EB-240B-4959-8376-0BBF0F7B16B6}.Debug|x64.Build.0 = Debug|x64
		{294B20EB-240B-4959-8376-0BBF0F7B16B6}.Debug|x86.ActiveCfg = Debug|Win32
		{294B20EB-240B-4959-8376-0BBF0F7B16B6}.Debug|x86.Build.0 = Debug|Win32
		{294B20EB-240B-4959-8376-0BBF0F7B16B6}.Release|x64.ActiveCfg = Release|x64
		{294B20EB-240B-4959-8376-0BBF0F7B16B6}.Release|x64.Build.0 = Release|x64
		{294B20EB-240B-4959-8376-0BBF0F7B16B6}.Release|x86.ActiveCfg = Release|Win32
		{294B20EB-240B-4959-8376-0BBF0F7B16B6}.Release|x86.Build.0 = Release|Win32
	EndGlobalSection
	GlobalSection(SolutionProperties) = preSolution
		HideSolutionNode = FALSE
	EndGlobalSection
	GlobalSection(ExtensibilityGlobals) = postSolution
		SolutionGuid = {7FCF2BCD-6EC4-4810-BB18-C2B8DC0F02DC}
	EndGlobalSection
EndGlobal
